
Microsoft Visual Studio Solution File, Format Version 12.00
# Visual Studio 14
VisualStudioVersion = 14.0.25420.1
MinimumVisualStudioVersion = 10.0.40219.1
Project("{FAE04EC0-301F-11D3-BF4B-00C04F79EFBC}") = "SimpleTaskServer", "SimpleTaskServer\SimpleTaskServer.csproj", "{01CB30E8-A41D-498C-B870-5ADFDF945941}"
EndProject
Project("{FAE04EC0-301F-11D3-BF4B-00C04F79EFBC}") = "SimpleTaskClient", "SimpleTaskClient\SimpleTaskClient.csproj", "{DCC7D80F-932C-4BA2-8FBF-AA884FDAD55B}"
EndProject
Global
	GlobalSection(SolutionConfigurationPlatforms) = preSolution
		Debug|Any CPU = Debug|Any CPU
		Release|Any CPU = Release|Any CPU
	EndGlobalSection
	GlobalSection(ProjectConfigurationPlatforms) = postSolution
		{01CB30E8-A41D-498C-B870-5ADFDF945941}.Debug|Any CPU.ActiveCfg = Debug|Any CPU
		{01CB30E8-A41D-498C-B870-5ADFDF945941}.Debug|Any CPU.Build.0 = Debug|Any CPU
		{01CB30E8-A41D-498C-B870-5ADFDF945941}.Release|Any CPU.ActiveCfg = Release|Any CPU
		{01CB30E8-A41D-498C-B870-5ADFDF945941}.Release|Any CPU.Build.0 = Release|Any CPU
		{DCC7D80F-932C-4BA2-8FBF-AA884FDAD55B}.Debug|Any CPU.ActiveCfg = Debug|Any CPU
		{DCC7D80F-932C-4BA2-8FBF-AA884FDAD55B}.Debug|Any CPU.Build.0 = Debug|Any CPU
		{DCC7D80F-932C-4BA2-8FBF-AA884FDAD55B}.Release|Any CPU.ActiveCfg = Release|Any CPU
		{DCC7D80F-932C-4BA2-8FBF-AA884FDAD55B}.Release|Any CPU.Build.0 = Release|Any CPU
	EndGlobalSection
	GlobalSection(SolutionProperties) = preSolution
		HideSolutionNode = FALSE
	EndGlobalSection
EndGlobal
